
Microsoft Visual Studio Solution File, Format Version 12.00
# Visual Studio Version 16
VisualStudioVersion = 16.0.33130.400
MinimumVisualStudioVersion = 10.0.40219.1
Project("{8BC9CEB8-8B4A-11D0-8D11-00A0C91BC942}") = "Project1", "Project1\Project1.vcxproj", "{2A234A22-F406-428A-A7A9-517D731ABFAA}"
EndProject
Global
	GlobalSection(SolutionConfigurationPlatforms) = preSolution
		Debug|x64 = Debug|x64
		Debug|x86 = Debug|x86
		Release|x64 = Release|x64
		Release|x86 = Release|x86
	EndGlobalSection
	GlobalSection(ProjectConfigurationPlatforms) = postSolution
		{2A234A22-F406-428A-A7A9-517D731ABFAA}.Debug|x64.ActiveCfg = Debug|x64
		{2A234A22-F406-428A-A7A9-517D731ABFAA}.Debug|x64.Build.0 = Debug|x64
		{2A234A22-F406-428A-A7A9-517D731ABFAA}.Debug|x86.ActiveCfg = Debug|Win32
		{2A234A22-F406-428A-A7A9-517D731ABFAA}.Debug|x86.Build.0 = Debug|Win32
		{2A234A22-F406-428A-A7A9-517D731ABFAA}.Release|x64.ActiveCfg = Release|x64
		{2A234A22-F406-428A-A7A9-517D731ABFAA}.Release|x64.Build.0 = Release|x64
		{2A234A22-F406-428A-A7A9-517D731ABFAA}.Release|x86.ActiveCfg = Release|Win32
		{2A234A22-F406-428A-A7A9-517D731ABFAA}.Release|x86.Build.0 = Release|Win32
	EndGlobalSection
	GlobalSection(SolutionProperties) = preSolution
		HideSolutionNode = FALSE
	EndGlobalSection
	GlobalSection(ExtensibilityGlobals) = postSolution
		SolutionGuid = {04C40907-52DF-4AE7-B7DE-4B4A5D8D63B7}
	EndGlobalSection
EndGlobal
