
Microsoft Visual Studio Solution File, Format Version 12.00
# Visual Studio Version 16
VisualStudioVersion = 16.0.33130.400
MinimumVisualStudioVersion = 10.0.40219.1
Project("{8BC9CEB8-8B4A-11D0-8D11-00A0C91BC942}") = "Project1", "Project1\Project1.vcxproj", "{6170250D-3D6A-4A5B-B3C8-F00F3F58C834}"
EndProject
Global
	GlobalSection(SolutionConfigurationPlatforms) = preSolution
		Debug|x64 = Debug|x64
		Debug|x86 = Debug|x86
		Release|x64 = Release|x64
		Release|x86 = Release|x86
	EndGlobalSection
	GlobalSection(ProjectConfigurationPlatforms) = postSolution
		{6170250D-3D6A-4A5B-B3C8-F00F3F58C834}.Debug|x64.ActiveCfg = Debug|x64
		{6170250D-3D6A-4A5B-B3C8-F00F3F58C834}.Debug|x64.Build.0 = Debug|x64
		{6170250D-3D6A-4A5B-B3C8-F00F3F58C834}.Debug|x86.ActiveCfg = Debug|Win32
		{6170250D-3D6A-4A5B-B3C8-F00F3F58C834}.Debug|x86.Build.0 = Debug|Win32
		{6170250D-3D6A-4A5B-B3C8-F00F3F58C834}.Release|x64.ActiveCfg = Release|x64
		{6170250D-3D6A-4A5B-B3C8-F00F3F58C834}.Release|x64.Build.0 = Release|x64
		{6170250D-3D6A-4A5B-B3C8-F00F3F58C834}.Release|x86.ActiveCfg = Release|Win32
		{6170250D-3D6A-4A5B-B3C8-F00F3F58C834}.Release|x86.Build.0 = Release|Win32
	EndGlobalSection
	GlobalSection(SolutionProperties) = preSolution
		HideSolutionNode = FALSE
	EndGlobalSection
	GlobalSection(ExtensibilityGlobals) = postSolution
		SolutionGuid = {1DE285BF-C963-4C8B-B3C8-E8996B1EC43B}
	EndGlobalSection
EndGlobal
